
Microsoft Visual Studio Solution File, Format Version 12.00
# Visual Studio Version 16
VisualStudioVersion = 16.0.31410.357
MinimumVisualStudioVersion = 10.0.40219.1
Project("{D954291E-2A0B-460D-934E-DC6B0785DB48}") = "Cameras.Shared", "Cameras\Cameras.Shared\Cameras.Shared.shproj", "{6279C845-92F8-4333-AB99-3D213163593C}"
EndProject
Project("{2150E333-8FDC-42A3-9474-1A3956D46DE8}") = "Platforms", "Platforms", "{82B44577-2626-441F-B420-C29F28A2341B}"
EndProject
Project("{FAE04EC0-301F-11D3-BF4B-00C04F79EFBC}") = "Cameras.Droid", "Cameras\Cameras.Droid\Cameras.Droid.csproj", "{9A74CCA5-2E9E-44D7-847C-6455E57E69E1}"
EndProject
Project("{FAE04EC0-301F-11D3-BF4B-00C04F79EFBC}") = "Cameras.iOS", "Cameras\Cameras.iOS\Cameras.iOS.csproj", "{D44ABAC8-E5E7-4CEF-9AA4-0AD66C06F6C9}"
EndProject
Project("{FAE04EC0-301F-11D3-BF4B-00C04F79EFBC}") = "Cameras.UWP", "Cameras\Cameras.UWP\Cameras.UWP.csproj", "{E2269202-9722-4B29-9D16-37E2F0401693}"
EndProject
Project("{FAE04EC0-301F-11D3-BF4B-00C04F79EFBC}") = "Cameras.Wasm", "Cameras\Cameras.Wasm\Cameras.Wasm.csproj", "{FBB8E964-6297-4037-A40F-00D5F08D7933}"
EndProject
Project("{FAE04EC0-301F-11D3-BF4B-00C04F79EFBC}") = "Cameras.macOS", "Cameras\Cameras.macOS\Cameras.macOS.csproj", "{F4D74D2A-0D6C-4385-9459-9446A68E962A}"
EndProject
Project("{FAE04EC0-301F-11D3-BF4B-00C04F79EFBC}") = "Cameras.Skia.Wpf.Host", "Cameras\Cameras.Skia.Wpf.Host\Cameras.Skia.Wpf.Host.csproj", "{26FFDC54-2A9B-4164-A58E-3ED91F02C603}"
EndProject
Project("{FAE04EC0-301F-11D3-BF4B-00C04F79EFBC}") = "Cameras.Skia.Wpf", "Cameras\Cameras.Skia.Wpf\Cameras.Skia.Wpf.csproj", "{0FA61B10-5629-4730-B5D9-EF4DACE27E7B}"
EndProject
Project("{FAE04EC0-301F-11D3-BF4B-00C04F79EFBC}") = "Cameras.Skia.Gtk", "Cameras\Cameras.Skia.Gtk\Cameras.Skia.Gtk.csproj", "{33E0B1D1-A931-49EE-A049-A8CD6FD6FC49}"
EndProject
Project("{FAE04EC0-301F-11D3-BF4B-00C04F79EFBC}") = "Cameras.Skia.Tizen", "Cameras\Cameras.Skia.Tizen\Cameras.Skia.Tizen.csproj", "{A61096A3-1C80-4CCD-A7CD-799E10AF80F6}"
EndProject
Global
	GlobalSection(SharedMSBuildProjectFiles) = preSolution
		Cameras\Cameras.Shared\Cameras.Shared.projitems*{0fa61b10-5629-4730-b5d9-ef4dace27e7b}*SharedItemsImports = 5
		Cameras\Cameras.Shared\Cameras.Shared.projitems*{33e0b1d1-a931-49ee-a049-a8cd6fd6fc49}*SharedItemsImports = 5
		Cameras\Cameras.Shared\Cameras.Shared.projitems*{6279c845-92f8-4333-ab99-3d213163593c}*SharedItemsImports = 13
		Cameras\Cameras.Shared\Cameras.Shared.projitems*{9a74cca5-2e9e-44d7-847c-6455e57e69e1}*SharedItemsImports = 4
		Cameras\Cameras.Shared\Cameras.Shared.projitems*{a61096a3-1c80-4ccd-a7cd-799e10af80f6}*SharedItemsImports = 5
		Cameras\Cameras.Shared\Cameras.Shared.projitems*{d44abac8-e5e7-4cef-9aa4-0ad66c06f6c9}*SharedItemsImports = 4
		Cameras\Cameras.Shared\Cameras.Shared.projitems*{e2269202-9722-4b29-9d16-37e2f0401693}*SharedItemsImports = 4
		Cameras\Cameras.Shared\Cameras.Shared.projitems*{f4d74d2a-0d6c-4385-9459-9446a68e962a}*SharedItemsImports = 4
		Cameras\Cameras.Shared\Cameras.Shared.projitems*{fbb8e964-6297-4037-a40f-00d5f08d7933}*SharedItemsImports = 5
	EndGlobalSection
	GlobalSection(SolutionConfigurationPlatforms) = preSolution
		Ad-Hoc|Any CPU = Ad-Hoc|Any CPU
		Ad-Hoc|ARM = Ad-Hoc|ARM
		Ad-Hoc|ARM64 = Ad-Hoc|ARM64
		Ad-Hoc|iPhone = Ad-Hoc|iPhone
		Ad-Hoc|iPhoneSimulator = Ad-Hoc|iPhoneSimulator
		Ad-Hoc|x64 = Ad-Hoc|x64
		Ad-Hoc|x86 = Ad-Hoc|x86
		AppStore|Any CPU = AppStore|Any CPU
		AppStore|ARM = AppStore|ARM
		AppStore|ARM64 = AppStore|ARM64
		AppStore|iPhone = AppStore|iPhone
		AppStore|iPhoneSimulator = AppStore|iPhoneSimulator
		AppStore|x64 = AppStore|x64
		AppStore|x86 = AppStore|x86
		Debug|Any CPU = Debug|Any CPU
		Debug|ARM = Debug|ARM
		Debug|ARM64 = Debug|ARM64
		Debug|iPhone = Debug|iPhone
		Debug|iPhoneSimulator = Debug|iPhoneSimulator
		Debug|x64 = Debug|x64
		Debug|x86 = Debug|x86
		Release|Any CPU = Release|Any CPU
		Release|ARM = Release|ARM
		Release|ARM64 = Release|ARM64
		Release|iPhone = Release|iPhone
		Release|iPhoneSimulator = Release|iPhoneSimulator
		Release|x64 = Release|x64
		Release|x86 = Release|x86
	EndGlobalSection
	GlobalSection(ProjectConfigurationPlatforms) = postSolution
		{9A74CCA5-2E9E-44D7-847C-6455E57E69E1}.Ad-Hoc|Any CPU.ActiveCfg = Debug|Any CPU
		{9A74CCA5-2E9E-44D7-847C-6455E57E69E1}.Ad-Hoc|Any CPU.Build.0 = Debug|Any CPU
		{9A74CCA5-2E9E-44D7-847C-6455E57E69E1}.Ad-Hoc|Any CPU.Deploy.0 = Debug|Any CPU
		{9A74CCA5-2E9E-44D7-847C-6455E57E69E1}.Ad-Hoc|ARM.ActiveCfg = Debug|Any CPU
		{9A74CCA5-2E9E-44D7-847C-6455E57E69E1}.Ad-Hoc|ARM.Build.0 = Debug|Any CPU
		{9A74CCA5-2E9E-44D7-847C-6455E57E69E1}.Ad-Hoc|ARM.Deploy.0 = Debug|Any CPU
		{9A74CCA5-2E9E-44D7-847C-6455E57E69E1}.Ad-Hoc|ARM64.ActiveCfg = Debug|Any CPU
		{9A74CCA5-2E9E-44D7-847C-6455E57E69E1}.Ad-Hoc|ARM64.Build.0 = Debug|Any CPU
		{9A74CCA5-2E9E-44D7-847C-6455E57E69E1}.Ad-Hoc|ARM64.Deploy.0 = Debug|Any CPU
		{9A74CCA5-2E9E-44D7-847C-6455E57E69E1}.Ad-Hoc|iPhone.ActiveCfg = Debug|Any CPU
		{9A74CCA5-2E9E-44D7-847C-6455E57E69E1}.Ad-Hoc|iPhone.Build.0 = Debug|Any CPU
		{9A74CCA5-2E9E-44D7-847C-6455E57E69E1}.Ad-Hoc|iPhone.Deploy.0 = Debug|Any CPU
		{9A74CCA5-2E9E-44D7-847C-6455E57E69E1}.Ad-Hoc|iPhoneSimulator.ActiveCfg = Debug|Any CPU
		{9A74CCA5-2E9E-44D7-847C-6455E57E69E1}.Ad-Hoc|iPhoneSimulator.Build.0 = Debug|Any CPU
		{9A74CCA5-2E9E-44D7-847C-6455E57E69E1}.Ad-Hoc|iPhoneSimulator.Deploy.0 = Debug|Any CPU
		{9A74CCA5-2E9E-44D7-847C-6455E57E69E1}.Ad-Hoc|x64.ActiveCfg = Debug|Any CPU
		{9A74CCA5-2E9E-44D7-847C-6455E57E69E1}.Ad-Hoc|x64.Build.0 = Debug|Any CPU
		{9A74CCA5-2E9E-44D7-847C-6455E57E69E1}.Ad-Hoc|x64.Deploy.0 = Debug|Any CPU
		{9A74CCA5-2E9E-44D7-847C-6455E57E69E1}.Ad-Hoc|x86.ActiveCfg = Debug|Any CPU
		{9A74CCA5-2E9E-44D7-847C-6455E57E69E1}.Ad-Hoc|x86.Build.0 = Debug|Any CPU
		{9A74CCA5-2E9E-44D7-847C-6455E57E69E1}.Ad-Hoc|x86.Deploy.0 = Debug|Any CPU
		{9A74CCA5-2E9E-44D7-847C-6455E57E69E1}.AppStore|Any CPU.ActiveCfg = Debug|Any CPU
		{9A74CCA5-2E9E-44D7-847C-6455E57E69E1}.AppStore|Any CPU.Build.0 = Debug|Any CPU
		{9A74CCA5-2E9E-44D7-847C-6455E57E69E1}.AppStore|Any CPU.Deploy.0 = Debug|Any CPU
		{9A74CCA5-2E9E-44D7-847C-6455E57E69E1}.AppStore|ARM.ActiveCfg = Debug|Any CPU
		{9A74CCA5-2E9E-44D7-847C-6455E57E69E1}.AppStore|ARM.Build.0 = Debug|Any CPU
		{9A74CCA5-2E9E-44D7-847C-6455E57E69E1}.AppStore|ARM.Deploy.0 = Debug|Any CPU
		{9A74CCA5-2E9E-44D7-847C-6455E57E69E1}.AppStore|ARM64.ActiveCfg = Debug|Any CPU
		{9A74CCA5-2E9E-44D7-847C-6455E57E69E1}.AppStore|ARM64.Build.0 = Debug|Any CPU
		{9A74CCA5-2E9E-44D7-847C-6455E57E69E1}.AppStore|ARM64.Deploy.0 = Debug|Any CPU
		{9A74CCA5-2E9E-44D7-847C-6455E57E69E1}.AppStore|iPhone.ActiveCfg = Debug|Any CPU
		{9A74CCA5-2E9E-44D7-847C-6455E57E69E1}.AppStore|iPhone.Build.0 = Debug|Any CPU
		{9A74CCA5-2E9E-44D7-847C-6455E57E69E1}.AppStore|iPhone.Deploy.0 = Debug|Any CPU
		{9A74CCA5-2E9E-44D7-847C-6455E57E69E1}.AppStore|iPhoneSimulator.ActiveCfg = Debug|Any CPU
		{9A74CCA5-2E9E-44D7-847C-6455E57E69E1}.AppStore|iPhoneSimulator.Build.0 = Debug|Any CPU
		{9A74CCA5-2E9E-44D7-847C-6455E57E69E1}.AppStore|iPhoneSimulator.Deploy.0 = Debug|Any CPU
		{9A74CCA5-2E9E-44D7-847C-6455E57E69E1}.AppStore|x64.ActiveCfg = Debug|Any CPU
		{9A74CCA5-2E9E-44D7-847C-6455E57E69E1}.AppStore|x64.Build.0 = Debug|Any CPU
		{9A74CCA5-2E9E-44D7-847C-6455E57E69E1}.AppStore|x64.Deploy.0 = Debug|Any CPU
		{9A74CCA5-2E9E-44D7-847C-6455E57E69E1}.AppStore|x86.ActiveCfg = Debug|Any CPU
		{9A74CCA5-2E9E-44D7-847C-6455E57E69E1}.AppStore|x86.Build.0 = Debug|Any CPU
		{9A74CCA5-2E9E-44D7-847C-6455E57E69E1}.AppStore|x86.Deploy.0 = Debug|Any CPU
		{9A74CCA5-2E9E-44D7-847C-6455E57E69E1}.Debug|Any CPU.ActiveCfg = Debug|Any CPU
		{9A74CCA5-2E9E-44D7-847C-6455E57E69E1}.Debug|Any CPU.Build.0 = Debug|Any CPU
		{9A74CCA5-2E9E-44D7-847C-6455E57E69E1}.Debug|Any CPU.Deploy.0 = Debug|Any CPU
		{9A74CCA5-2E9E-44D7-847C-6455E57E69E1}.Debug|ARM.ActiveCfg = Debug|Any CPU
		{9A74CCA5-2E9E-44D7-847C-6455E57E69E1}.Debug|ARM.Build.0 = Debug|Any CPU
		{9A74CCA5-2E9E-44D7-847C-6455E57E69E1}.Debug|ARM.Deploy.0 = Debug|Any CPU
		{9A74CCA5-2E9E-44D7-847C-6455E57E69E1}.Debug|ARM64.ActiveCfg = Debug|Any CPU
		{9A74CCA5-2E9E-44D7-847C-6455E57E69E1}.Debug|ARM64.Build.0 = Debug|Any CPU
		{9A74CCA5-2E9E-44D7-847C-6455E57E69E1}.Debug|ARM64.Deploy.0 = Debug|Any CPU
		{9A74CCA5-2E9E-44D7-847C-6455E57E69E1}.Debug|iPhone.ActiveCfg = Debug|Any CPU
		{9A74CCA5-2E9E-44D7-847C-6455E57E69E1}.Debug|iPhone.Build.0 = Debug|Any CPU
		{9A74CCA5-2E9E-44D7-847C-6455E57E69E1}.Debug|iPhone.Deploy.0 = Debug|Any CPU
		{9A74CCA5-2E9E-44D7-847C-6455E57E69E1}.Debug|iPhoneSimulator.ActiveCfg = Debug|Any CPU
		{9A74CCA5-2E9E-44D7-847C-6455E57E69E1}.Debug|iPhoneSimulator.Build.0 = Debug|Any CPU
		{9A74CCA5-2E9E-44D7-847C-6455E57E69E1}.Debug|iPhoneSimulator.Deploy.0 = Debug|Any CPU
		{9A74CCA5-2E9E-44D7-847C-6455E57E69E1}.Debug|x64.ActiveCfg = Debug|Any CPU
		{9A74CCA5-2E9E-44D7-847C-6455E57E69E1}.Debug|x64.Build.0 = Debug|Any CPU
		{9A74CCA5-2E9E-44D7-847C-6455E57E69E1}.Debug|x64.Deploy.0 = Debug|Any CPU
		{9A74CCA5-2E9E-44D7-847C-6455E57E69E1}.Debug|x86.ActiveCfg = Debug|Any CPU
		{9A74CCA5-2E9E-44D7-847C-6455E57E69E1}.Debug|x86.Build.0 = Debug|Any CPU
		{9A74CCA5-2E9E-44D7-847C-6455E57E69E1}.Debug|x86.Deploy.0 = Debug|Any CPU
		{9A74CCA5-2E9E-44D7-847C-6455E57E69E1}.Release|Any CPU.ActiveCfg = Release|Any CPU
		{9A74CCA5-2E9E-44D7-847C-6455E57E69E1}.Release|Any CPU.Build.0 = Release|Any CPU
		{9A74CCA5-2E9E-44D7-847C-6455E57E69E1}.Release|Any CPU.Deploy.0 = Release|Any CPU
		{9A74CCA5-2E9E-44D7-847C-6455E57E69E1}.Release|ARM.ActiveCfg = Release|Any CPU
		{9A74CCA5-2E9E-44D7-847C-6455E57E69E1}.Release|ARM.Build.0 = Release|Any CPU
		{9A74CCA5-2E9E-44D7-847C-6455E57E69E1}.Release|ARM.Deploy.0 = Release|Any CPU
		{9A74CCA5-2E9E-44D7-847C-6455E57E69E1}.Release|ARM64.ActiveCfg = Release|Any CPU
		{9A74CCA5-2E9E-44D7-847C-6455E57E69E1}.Release|ARM64.Build.0 = Release|Any CPU
		{9A74CCA5-2E9E-44D7-847C-6455E57E69E1}.Release|ARM64.Deploy.0 = Release|Any CPU
		{9A74CCA5-2E9E-44D7-847C-6455E57E69E1}.Release|iPhone.ActiveCfg = Release|Any CPU
		{9A74CCA5-2E9E-44D7-847C-6455E57E69E1}.Release|iPhone.Build.0 = Release|Any CPU
		{9A74CCA5-2E9E-44D7-847C-6455E57E69E1}.Release|iPhone.Deploy.0 = Release|Any CPU
		{9A74CCA5-2E9E-44D7-847C-6455E57E69E1}.Release|iPhoneSimulator.ActiveCfg = Release|Any CPU
		{9A74CCA5-2E9E-44D7-847C-6455E57E69E1}.Release|iPhoneSimulator.Build.0 = Release|Any CPU
		{9A74CCA5-2E9E-44D7-847C-6455E57E69E1}.Release|iPhoneSimulator.Deploy.0 = Release|Any CPU
		{9A74CCA5-2E9E-44D7-847C-6455E57E69E1}.Release|x64.ActiveCfg = Release|Any CPU
		{9A74CCA5-2E9E-44D7-847C-6455E57E69E1}.Release|x64.Build.0 = Release|Any CPU
		{9A74CCA5-2E9E-44D7-847C-6455E57E69E1}.Release|x64.Deploy.0 = Release|Any CPU
		{9A74CCA5-2E9E-44D7-847C-6455E57E69E1}.Release|x86.ActiveCfg = Release|Any CPU
		{9A74CCA5-2E9E-44D7-847C-6455E57E69E1}.Release|x86.Build.0 = Release|Any CPU
		{9A74CCA5-2E9E-44D7-847C-6455E57E69E1}.Release|x86.Deploy.0 = Release|Any CPU
		{D44ABAC8-E5E7-4CEF-9AA4-0AD66C06F6C9}.Ad-Hoc|Any CPU.ActiveCfg = Ad-Hoc|iPhoneSimulator
		{D44ABAC8-E5E7-4CEF-9AA4-0AD66C06F6C9}.Ad-Hoc|ARM.ActiveCfg = Ad-Hoc|iPhoneSimulator
		{D44ABAC8-E5E7-4CEF-9AA4-0AD66C06F6C9}.Ad-Hoc|ARM64.ActiveCfg = Ad-Hoc|iPhoneSimulator
		{D44ABAC8-E5E7-4CEF-9AA4-0AD66C06F6C9}.Ad-Hoc|iPhone.ActiveCfg = Ad-Hoc|iPhone
		{D44ABAC8-E5E7-4CEF-9AA4-0AD66C06F6C9}.Ad-Hoc|iPhone.Build.0 = Ad-Hoc|iPhone
		{D44ABAC8-E5E7-4CEF-9AA4-0AD66C06F6C9}.Ad-Hoc|iPhoneSimulator.ActiveCfg = Ad-Hoc|iPhoneSimulator
		{D44ABAC8-E5E7-4CEF-9AA4-0AD66C06F6C9}.Ad-Hoc|iPhoneSimulator.Build.0 = Ad-Hoc|iPhoneSimulator
		{D44ABAC8-E5E7-4CEF-9AA4-0AD66C06F6C9}.Ad-Hoc|x64.ActiveCfg = Ad-Hoc|iPhoneSimulator
		{D44ABAC8-E5E7-4CEF-9AA4-0AD66C06F6C9}.Ad-Hoc|x86.ActiveCfg = Ad-Hoc|iPhoneSimulator
		{D44ABAC8-E5E7-4CEF-9AA4-0AD66C06F6C9}.AppStore|Any CPU.ActiveCfg = AppStore|iPhoneSimulator
		{D44ABAC8-E5E7-4CEF-9AA4-0AD66C06F6C9}.AppStore|ARM.ActiveCfg = AppStore|iPhoneSimulator
		{D44ABAC8-E5E7-4CEF-9AA4-0AD66C06F6C9}.AppStore|ARM64.ActiveCfg = AppStore|iPhoneSimulator
		{D44ABAC8-E5E7-4CEF-9AA4-0AD66C06F6C9}.AppStore|iPhone.ActiveCfg = AppStore|iPhone
		{D44ABAC8-E5E7-4CEF-9AA4-0AD66C06F6C9}.AppStore|iPhone.Build.0 = AppStore|iPhone
		{D44ABAC8-E5E7-4CEF-9AA4-0AD66C06F6C9}.AppStore|iPhoneSimulator.ActiveCfg = AppStore|iPhoneSimulator
		{D44ABAC8-E5E7-4CEF-9AA4-0AD66C06F6C9}.AppStore|iPhoneSimulator.Build.0 = AppStore|iPhoneSimulator
		{D44ABAC8-E5E7-4CEF-9AA4-0AD66C06F6C9}.AppStore|x64.ActiveCfg = AppStore|iPhoneSimulator
		{D44ABAC8-E5E7-4CEF-9AA4-0AD66C06F6C9}.AppStore|x86.ActiveCfg = AppStore|iPhoneSimulator
		{D44ABAC8-E5E7-4CEF-9AA4-0AD66C06F6C9}.Debug|Any CPU.ActiveCfg = Debug|iPhoneSimulator
		{D44ABAC8-E5E7-4CEF-9AA4-0AD66C06F6C9}.Debug|ARM.ActiveCfg = Debug|iPhoneSimulator
		{D44ABAC8-E5E7-4CEF-9AA4-0AD66C06F6C9}.Debug|ARM64.ActiveCfg = Debug|iPhoneSimulator
		{D44ABAC8-E5E7-4CEF-9AA4-0AD66C06F6C9}.Debug|iPhone.ActiveCfg = Debug|iPhone
		{D44ABAC8-E5E7-4CEF-9AA4-0AD66C06F6C9}.Debug|iPhone.Build.0 = Debug|iPhone
		{D44ABAC8-E5E7-4CEF-9AA4-0AD66C06F6C9}.Debug|iPhoneSimulator.ActiveCfg = Debug|iPhoneSimulator
		{D44ABAC8-E5E7-4CEF-9AA4-0AD66C06F6C9}.Debug|iPhoneSimulator.Build.0 = Debug|iPhoneSimulator
		{D44ABAC8-E5E7-4CEF-9AA4-0AD66C06F6C9}.Debug|x64.ActiveCfg = Debug|iPhoneSimulator
		{D44ABAC8-E5E7-4CEF-9AA4-0AD66C06F6C9}.Debug|x86.ActiveCfg = Debug|iPhoneSimulator
		{D44ABAC8-E5E7-4CEF-9AA4-0AD66C06F6C9}.Release|Any CPU.ActiveCfg = Release|iPhoneSimulator
		{D44ABAC8-E5E7-4CEF-9AA4-0AD66C06F6C9}.Release|ARM.ActiveCfg = Release|iPhoneSimulator
		{D44ABAC8-E5E7-4CEF-9AA4-0AD66C06F6C9}.Release|ARM64.ActiveCfg = Release|iPhoneSimulator
		{D44ABAC8-E5E7-4CEF-9AA4-0AD66C06F6C9}.Release|iPhone.ActiveCfg = Release|iPhone
		{D44ABAC8-E5E7-4CEF-9AA4-0AD66C06F6C9}.Release|iPhone.Build.0 = Release|iPhone
		{D44ABAC8-E5E7-4CEF-9AA4-0AD66C06F6C9}.Release|iPhoneSimulator.ActiveCfg = Release|iPhoneSimulator
		{D44ABAC8-E5E7-4CEF-9AA4-0AD66C06F6C9}.Release|iPhoneSimulator.Build.0 = Release|iPhoneSimulator
		{D44ABAC8-E5E7-4CEF-9AA4-0AD66C06F6C9}.Release|x64.ActiveCfg = Release|iPhoneSimulator
		{D44ABAC8-E5E7-4CEF-9AA4-0AD66C06F6C9}.Release|x86.ActiveCfg = Release|iPhoneSimulator
		{E2269202-9722-4B29-9D16-37E2F0401693}.Ad-Hoc|Any CPU.ActiveCfg = Debug|x86
		{E2269202-9722-4B29-9D16-37E2F0401693}.Ad-Hoc|Any CPU.Build.0 = Debug|x86
		{E2269202-9722-4B29-9D16-37E2F0401693}.Ad-Hoc|Any CPU.Deploy.0 = Debug|x86
		{E2269202-9722-4B29-9D16-37E2F0401693}.Ad-Hoc|ARM.ActiveCfg = Debug|ARM
		{E2269202-9722-4B29-9D16-37E2F0401693}.Ad-Hoc|ARM.Build.0 = Debug|ARM
		{E2269202-9722-4B29-9D16-37E2F0401693}.Ad-Hoc|ARM.Deploy.0 = Debug|ARM
		{E2269202-9722-4B29-9D16-37E2F0401693}.Ad-Hoc|ARM64.ActiveCfg = Debug|ARM64
		{E2269202-9722-4B29-9D16-37E2F0401693}.Ad-Hoc|ARM64.Build.0 = Debug|ARM64
		{E2269202-9722-4B29-9D16-37E2F0401693}.Ad-Hoc|ARM64.Deploy.0 = Debug|ARM64
		{E2269202-9722-4B29-9D16-37E2F0401693}.Ad-Hoc|iPhone.ActiveCfg = Debug|x86
		{E2269202-9722-4B29-9D16-37E2F0401693}.Ad-Hoc|iPhone.Build.0 = Debug|x86
		{E2269202-9722-4B29-9D16-37E2F0401693}.Ad-Hoc|iPhone.Deploy.0 = Debug|x86
		{E2269202-9722-4B29-9D16-37E2F0401693}.Ad-Hoc|iPhoneSimulator.ActiveCfg = Debug|x86
		{E2269202-9722-4B29-9D16-37E2F0401693}.Ad-Hoc|iPhoneSimulator.Build.0 = Debug|x86
		{E2269202-9722-4B29-9D16-37E2F0401693}.Ad-Hoc|iPhoneSimulator.Deploy.0 = Debug|x86
		{E2269202-9722-4B29-9D16-37E2F0401693}.Ad-Hoc|x64.ActiveCfg = Debug|x64
		{E2269202-9722-4B29-9D16-37E2F0401693}.Ad-Hoc|x64.Build.0 = Debug|x64
		{E2269202-9722-4B29-9D16-37E2F0401693}.Ad-Hoc|x64.Deploy.0 = Debug|x64
		{E2269202-9722-4B29-9D16-37E2F0401693}.Ad-Hoc|x86.ActiveCfg = Debug|x86
		{E2269202-9722-4B29-9D16-37E2F0401693}.Ad-Hoc|x86.Build.0 = Debug|x86
		{E2269202-9722-4B29-9D16-37E2F0401693}.Ad-Hoc|x86.Deploy.0 = Debug|x86
		{E2269202-9722-4B29-9D16-37E2F0401693}.AppStore|Any CPU.ActiveCfg = Debug|x86
		{E2269202-9722-4B29-9D16-37E2F0401693}.AppStore|Any CPU.Build.0 = Debug|x86
		{E2269202-9722-4B29-9D16-37E2F0401693}.AppStore|Any CPU.Deploy.0 = Debug|x86
		{E2269202-9722-4B29-9D16-37E2F0401693}.AppStore|ARM.ActiveCfg = Debug|ARM
		{E2269202-9722-4B29-9D16-37E2F0401693}.AppStore|ARM.Build.0 = Debug|ARM
		{E2269202-9722-4B29-9D16-37E2F0401693}.AppStore|ARM.Deploy.0 = Debug|ARM
		{E2269202-9722-4B29-9D16-37E2F0401693}.AppStore|ARM64.ActiveCfg = Debug|ARM64
		{E2269202-9722-4B29-9D16-37E2F0401693}.AppStore|ARM64.Build.0 = Debug|ARM64
		{E2269202-9722-4B29-9D16-37E2F0401693}.AppStore|ARM64.Deploy.0 = Debug|ARM64
		{E2269202-9722-4B29-9D16-37E2F0401693}.AppStore|iPhone.ActiveCfg = Debug|x86
		{E2269202-9722-4B29-9D16-37E2F0401693}.AppStore|iPhone.Build.0 = Debug|x86
		{E2269202-9722-4B29-9D16-37E2F0401693}.AppStore|iPhone.Deploy.0 = Debug|x86
		{E2269202-9722-4B29-9D16-37E2F0401693}.AppStore|iPhoneSimulator.ActiveCfg = Debug|x86
		{E2269202-9722-4B29-9D16-37E2F0401693}.AppStore|iPhoneSimulator.Build.0 = Debug|x86
		{E2269202-9722-4B29-9D16-37E2F0401693}.AppStore|iPhoneSimulator.Deploy.0 = Debug|x86
		{E2269202-9722-4B29-9D16-37E2F0401693}.AppStore|x64.ActiveCfg = Debug|x64
		{E2269202-9722-4B29-9D16-37E2F0401693}.AppStore|x64.Build.0 = Debug|x64
		{E2269202-9722-4B29-9D16-37E2F0401693}.AppStore|x64.Deploy.0 = Debug|x64
		{E2269202-9722-4B29-9D16-37E2F0401693}.AppStore|x86.ActiveCfg = Debug|x86
		{E2269202-9722-4B29-9D16-37E2F0401693}.AppStore|x86.Build.0 = Debug|x86
		{E2269202-9722-4B29-9D16-37E2F0401693}.AppStore|x86.Deploy.0 = Debug|x86
		{E2269202-9722-4B29-9D16-37E2F0401693}.Debug|Any CPU.ActiveCfg = Debug|x86
		{E2269202-9722-4B29-9D16-37E2F0401693}.Debug|Any CPU.Build.0 = Debug|x86
		{E2269202-9722-4B29-9D16-37E2F0401693}.Debug|Any CPU.Deploy.0 = Debug|x86
		{E2269202-9722-4B29-9D16-37E2F0401693}.Debug|ARM.ActiveCfg = Debug|ARM
		{E2269202-9722-4B29-9D16-37E2F0401693}.Debug|ARM.Build.0 = Debug|ARM
		{E2269202-9722-4B29-9D16-37E2F0401693}.Debug|ARM.Deploy.0 = Debug|ARM
		{E2269202-9722-4B29-9D16-37E2F0401693}.Debug|ARM64.ActiveCfg = Debug|ARM64
		{E2269202-9722-4B29-9D16-37E2F0401693}.Debug|ARM64.Build.0 = Debug|ARM64
		{E2269202-9722-4B29-9D16-37E2F0401693}.Debug|ARM64.Deploy.0 = Debug|ARM64
		{E2269202-9722-4B29-9D16-37E2F0401693}.Debug|iPhone.ActiveCfg = Debug|x86
		{E2269202-9722-4B29-9D16-37E2F0401693}.Debug|iPhoneSimulator.ActiveCfg = Debug|x86
		{E2269202-9722-4B29-9D16-37E2F0401693}.Debug|x64.ActiveCfg = Debug|x64
		{E2269202-9722-4B29-9D16-37E2F0401693}.Debug|x64.Build.0 = Debug|x64
		{E2269202-9722-4B29-9D16-37E2F0401693}.Debug|x64.Deploy.0 = Debug|x64
		{E2269202-9722-4B29-9D16-37E2F0401693}.Debug|x86.ActiveCfg = Debug|x86
		{E2269202-9722-4B29-9D16-37E2F0401693}.Debug|x86.Build.0 = Debug|x86
		{E2269202-9722-4B29-9D16-37E2F0401693}.Debug|x86.Deploy.0 = Debug|x86
		{E2269202-9722-4B29-9D16-37E2F0401693}.Release|Any CPU.ActiveCfg = Release|x86
		{E2269202-9722-4B29-9D16-37E2F0401693}.Release|ARM.ActiveCfg = Release|ARM
		{E2269202-9722-4B29-9D16-37E2F0401693}.Release|ARM.Build.0 = Release|ARM
		{E2269202-9722-4B29-9D16-37E2F0401693}.Release|ARM.Deploy.0 = Release|ARM
		{E2269202-9722-4B29-9D16-37E2F0401693}.Release|ARM64.ActiveCfg = Release|ARM64
		{E2269202-9722-4B29-9D16-37E2F0401693}.Release|ARM64.Build.0 = Release|ARM64
		{E2269202-9722-4B29-9D16-37E2F0401693}.Release|ARM64.Deploy.0 = Release|ARM64
		{E2269202-9722-4B29-9D16-37E2F0401693}.Release|iPhone.ActiveCfg = Release|x86
		{E2269202-9722-4B29-9D16-37E2F0401693}.Release|iPhoneSimulator.ActiveCfg = Release|x86
		{E2269202-9722-4B29-9D16-37E2F0401693}.Release|x64.ActiveCfg = Release|x64
		{E2269202-9722-4B29-9D16-37E2F0401693}.Release|x64.Build.0 = Release|x64
		{E2269202-9722-4B29-9D16-37E2F0401693}.Release|x64.Deploy.0 = Release|x64
		{E2269202-9722-4B29-9D16-37E2F0401693}.Release|x86.ActiveCfg = Release|x86
		{E2269202-9722-4B29-9D16-37E2F0401693}.Release|x86.Build.0 = Release|x86
		{E2269202-9722-4B29-9D16-37E2F0401693}.Release|x86.Deploy.0 = Release|x86
		{FBB8E964-6297-4037-A40F-00D5F08D7933}.Ad-Hoc|Any CPU.ActiveCfg = Debug|Any CPU
		{FBB8E964-6297-4037-A40F-00D5F08D7933}.Ad-Hoc|Any CPU.Build.0 = Debug|Any CPU
		{FBB8E964-6297-4037-A40F-00D5F08D7933}.Ad-Hoc|ARM.ActiveCfg = Debug|Any CPU
		{FBB8E964-6297-4037-A40F-00D5F08D7933}.Ad-Hoc|ARM.Build.0 = Debug|Any CPU
		{FBB8E964-6297-4037-A40F-00D5F08D7933}.Ad-Hoc|ARM64.ActiveCfg = Debug|Any CPU
		{FBB8E964-6297-4037-A40F-00D5F08D7933}.Ad-Hoc|ARM64.Build.0 = Debug|Any CPU
		{FBB8E964-6297-4037-A40F-00D5F08D7933}.Ad-Hoc|iPhone.ActiveCfg = Debug|Any CPU
		{FBB8E964-6297-4037-A40F-00D5F08D7933}.Ad-Hoc|iPhone.Build.0 = Debug|Any CPU
		{FBB8E964-6297-4037-A40F-00D5F08D7933}.Ad-Hoc|iPhoneSimulator.ActiveCfg = Debug|Any CPU
		{FBB8E964-6297-4037-A40F-00D5F08D7933}.Ad-Hoc|iPhoneSimulator.Build.0 = Debug|Any CPU
		{FBB8E964-6297-4037-A40F-00D5F08D7933}.Ad-Hoc|x64.ActiveCfg = Debug|Any CPU
		{FBB8E964-6297-4037-A40F-00D5F08D7933}.Ad-Hoc|x64.Build.0 = Debug|Any CPU
		{FBB8E964-6297-4037-A40F-00D5F08D7933}.Ad-Hoc|x86.ActiveCfg = Debug|Any CPU
		{FBB8E964-6297-4037-A40F-00D5F08D7933}.Ad-Hoc|x86.Build.0 = Debug|Any CPU
		{FBB8E964-6297-4037-A40F-00D5F08D7933}.AppStore|Any CPU.ActiveCfg = Debug|Any CPU
		{FBB8E964-6297-4037-A40F-00D5F08D7933}.AppStore|Any CPU.Build.0 = Debug|Any CPU
		{FBB8E964-6297-4037-A40F-00D5F08D7933}.AppStore|ARM.ActiveCfg = Debug|Any CPU
		{FBB8E964-6297-4037-A40F-00D5F08D7933}.AppStore|ARM.Build.0 = Debug|Any CPU
		{FBB8E964-6297-4037-A40F-00D5F08D7933}.AppStore|ARM64.ActiveCfg = Debug|Any CPU
		{FBB8E964-6297-4037-A40F-00D5F08D7933}.AppStore|ARM64.Build.0 = Debug|Any CPU
		{FBB8E964-6297-4037-A40F-00D5F08D7933}.AppStore|iPhone.ActiveCfg = Debug|Any CPU
		{FBB8E964-6297-4037-A40F-00D5F08D7933}.AppStore|iPhone.Build.0 = Debug|Any CPU
		{FBB8E964-6297-4037-A40F-00D5F08D7933}.AppStore|iPhoneSimulator.ActiveCfg = Debug|Any CPU
		{FBB8E964-6297-4037-A40F-00D5F08D7933}.AppStore|iPhoneSimulator.Build.0 = Debug|Any CPU
		{FBB8E964-6297-4037-A40F-00D5F08D7933}.AppStore|x64.ActiveCfg = Debug|Any CPU
		{FBB8E964-6297-4037-A40F-00D5F08D7933}.AppStore|x64.Build.0 = Debug|Any CPU
		{FBB8E964-6297-4037-A40F-00D5F08D7933}.AppStore|x86.ActiveCfg = Debug|Any CPU
		{FBB8E964-6297-4037-A40F-00D5F08D7933}.AppStore|x86.Build.0 = Debug|Any CPU
		{FBB8E964-6297-4037-A40F-00D5F08D7933}.Debug|Any CPU.ActiveCfg = Debug|Any CPU
		{FBB8E964-6297-4037-A40F-00D5F08D7933}.Debug|Any CPU.Build.0 = Debug|Any CPU
		{FBB8E964-6297-4037-A40F-00D5F08D7933}.Debug|ARM.ActiveCfg = Debug|Any CPU
		{FBB8E964-6297-4037-A40F-00D5F08D7933}.Debug|ARM.Build.0 = Debug|Any CPU
		{FBB8E964-6297-4037-A40F-00D5F08D7933}.Debug|ARM64.ActiveCfg = Debug|Any CPU
		{FBB8E964-6297-4037-A40F-00D5F08D7933}.Debug|ARM64.Build.0 = Debug|Any CPU
		{FBB8E964-6297-4037-A40F-00D5F08D7933}.Debug|iPhone.ActiveCfg = Debug|Any CPU
		{FBB8E964-6297-4037-A40F-00D5F08D7933}.Debug|iPhone.Build.0 = Debug|Any CPU
		{FBB8E964-6297-4037-A40F-00D5F08D7933}.Debug|iPhoneSimulator.ActiveCfg = Debug|Any CPU
		{FBB8E964-6297-4037-A40F-00D5F08D7933}.Debug|iPhoneSimulator.Build.0 = Debug|Any CPU
		{FBB8E964-6297-4037-A40F-00D5F08D7933}.Debug|x64.ActiveCfg = Debug|Any CPU
		{FBB8E964-6297-4037-A40F-00D5F08D7933}.Debug|x64.Build.0 = Debug|Any CPU
		{FBB8E964-6297-4037-A40F-00D5F08D7933}.Debug|x86.ActiveCfg = Debug|Any CPU
		{FBB8E964-6297-4037-A40F-00D5F08D7933}.Debug|x86.Build.0 = Debug|Any CPU
		{FBB8E964-6297-4037-A40F-00D5F08D7933}.Release|Any CPU.ActiveCfg = Release|Any CPU
		{FBB8E964-6297-4037-A40F-00D5F08D7933}.Release|Any CPU.Build.0 = Release|Any CPU
		{FBB8E964-6297-4037-A40F-00D5F08D7933}.Release|ARM.ActiveCfg = Release|Any CPU
		{FBB8E964-6297-4037-A40F-00D5F08D7933}.Release|ARM.Build.0 = Release|Any CPU
		{FBB8E964-6297-4037-A40F-00D5F08D7933}.Release|ARM64.ActiveCfg = Release|Any CPU
		{FBB8E964-6297-4037-A40F-00D5F08D7933}.Release|ARM64.Build.0 = Release|Any CPU
		{FBB8E964-6297-4037-A40F-00D5F08D7933}.Release|iPhone.ActiveCfg = Release|Any CPU
		{FBB8E964-6297-4037-A40F-00D5F08D7933}.Release|iPhone.Build.0 = Release|Any CPU
		{FBB8E964-6297-4037-A40F-00D5F08D7933}.Release|iPhoneSimulator.ActiveCfg = Release|Any CPU
		{FBB8E964-6297-4037-A40F-00D5F08D7933}.Release|iPhoneSimulator.Build.0 = Release|Any CPU
		{FBB8E964-6297-4037-A40F-00D5F08D7933}.Release|x64.ActiveCfg = Release|Any CPU
		{FBB8E964-6297-4037-A40F-00D5F08D7933}.Release|x64.Build.0 = Release|Any CPU
		{FBB8E964-6297-4037-A40F-00D5F08D7933}.Release|x86.ActiveCfg = Release|Any CPU
		{FBB8E964-6297-4037-A40F-00D5F08D7933}.Release|x86.Build.0 = Release|Any CPU
		{F4D74D2A-0D6C-4385-9459-9446A68E962A}.Ad-Hoc|Any CPU.ActiveCfg = Debug|iPhoneSimulator
		{F4D74D2A-0D6C-4385-9459-9446A68E962A}.Ad-Hoc|Any CPU.Build.0 = Debug|iPhoneSimulator
		{F4D74D2A-0D6C-4385-9459-9446A68E962A}.Ad-Hoc|ARM.ActiveCfg = Debug|iPhoneSimulator
		{F4D74D2A-0D6C-4385-9459-9446A68E962A}.Ad-Hoc|ARM.Build.0 = Debug|iPhoneSimulator
		{F4D74D2A-0D6C-4385-9459-9446A68E962A}.Ad-Hoc|ARM64.ActiveCfg = Debug|iPhoneSimulator
		{F4D74D2A-0D6C-4385-9459-9446A68E962A}.Ad-Hoc|ARM64.Build.0 = Debug|iPhoneSimulator
		{F4D74D2A-0D6C-4385-9459-9446A68E962A}.Ad-Hoc|iPhone.ActiveCfg = Debug|iPhoneSimulator
		{F4D74D2A-0D6C-4385-9459-9446A68E962A}.Ad-Hoc|iPhone.Build.0 = Debug|iPhoneSimulator
		{F4D74D2A-0D6C-4385-9459-9446A68E962A}.Ad-Hoc|iPhoneSimulator.ActiveCfg = Debug|iPhoneSimulator
		{F4D74D2A-0D6C-4385-9459-9446A68E962A}.Ad-Hoc|iPhoneSimulator.Build.0 = Debug|iPhoneSimulator
		{F4D74D2A-0D6C-4385-9459-9446A68E962A}.Ad-Hoc|x64.ActiveCfg = Debug|iPhoneSimulator
		{F4D74D2A-0D6C-4385-9459-9446A68E962A}.Ad-Hoc|x64.Build.0 = Debug|iPhoneSimulator
		{F4D74D2A-0D6C-4385-9459-9446A68E962A}.Ad-Hoc|x86.ActiveCfg = Debug|iPhoneSimulator
		{F4D74D2A-0D6C-4385-9459-9446A68E962A}.Ad-Hoc|x86.Build.0 = Debug|iPhoneSimulator
		{F4D74D2A-0D6C-4385-9459-9446A68E962A}.AppStore|Any CPU.ActiveCfg = Debug|iPhoneSimulator
		{F4D74D2A-0D6C-4385-9459-9446A68E962A}.AppStore|Any CPU.Build.0 = Debug|iPhoneSimulator
		{F4D74D2A-0D6C-4385-9459-9446A68E962A}.AppStore|ARM.ActiveCfg = Debug|iPhoneSimulator
		{F4D74D2A-0D6C-4385-9459-9446A68E962A}.AppStore|ARM.Build.0 = Debug|iPhoneSimulator
		{F4D74D2A-0D6C-4385-9459-9446A68E962A}.AppStore|ARM64.ActiveCfg = Debug|iPhoneSimulator
		{F4D74D2A-0D6C-4385-9459-9446A68E962A}.AppStore|ARM64.Build.0 = Debug|iPhoneSimulator
		{F4D74D2A-0D6C-4385-9459-9446A68E962A}.AppStore|iPhone.ActiveCfg = Debug|iPhoneSimulator
		{F4D74D2A-0D6C-4385-9459-9446A68E962A}.AppStore|iPhone.Build.0 = Debug|iPhoneSimulator
		{F4D74D2A-0D6C-4385-9459-9446A68E962A}.AppStore|iPhoneSimulator.ActiveCfg = Debug|iPhoneSimulator
		{F4D74D2A-0D6C-4385-9459-9446A68E962A}.AppStore|iPhoneSimulator.Build.0 = Debug|iPhoneSimulator
		{F4D74D2A-0D6C-4385-9459-9446A68E962A}.AppStore|x64.ActiveCfg = Debug|iPhoneSimulator
		{F4D74D2A-0D6C-4385-9459-9446A68E962A}.AppStore|x64.Build.0 = Debug|iPhoneSimulator
		{F4D74D2A-0D6C-4385-9459-9446A68E962A}.AppStore|x86.ActiveCfg = Debug|iPhoneSimulator
		{F4D74D2A-0D6C-4385-9459-9446A68E962A}.AppStore|x86.Build.0 = Debug|iPhoneSimulator
		{F4D74D2A-0D6C-4385-9459-9446A68E962A}.Debug|Any CPU.ActiveCfg = Debug|iPhoneSimulator
		{F4D74D2A-0D6C-4385-9459-9446A68E962A}.Debug|ARM.ActiveCfg = Debug|iPhoneSimulator
		{F4D74D2A-0D6C-4385-9459-9446A68E962A}.Debug|ARM64.ActiveCfg = Debug|iPhoneSimulator
		{F4D74D2A-0D6C-4385-9459-9446A68E962A}.Debug|iPhone.ActiveCfg = Debug|iPhoneSimulator
		{F4D74D2A-0D6C-4385-9459-9446A68E962A}.Debug|iPhoneSimulator.ActiveCfg = Debug|iPhoneSimulator
		{F4D74D2A-0D6C-4385-9459-9446A68E962A}.Debug|iPhoneSimulator.Build.0 = Debug|iPhoneSimulator
		{F4D74D2A-0D6C-4385-9459-9446A68E962A}.Debug|x64.ActiveCfg = Debug|iPhoneSimulator
		{F4D74D2A-0D6C-4385-9459-9446A68E962A}.Debug|x86.ActiveCfg = Debug|iPhoneSimulator
		{F4D74D2A-0D6C-4385-9459-9446A68E962A}.Release|Any CPU.ActiveCfg = Release|iPhoneSimulator
		{F4D74D2A-0D6C-4385-9459-9446A68E962A}.Release|ARM.ActiveCfg = Release|iPhoneSimulator
		{F4D74D2A-0D6C-4385-9459-9446A68E962A}.Release|ARM64.ActiveCfg = Release|iPhoneSimulator
		{F4D74D2A-0D6C-4385-9459-9446A68E962A}.Release|iPhone.ActiveCfg = Release|iPhoneSimulator
		{F4D74D2A-0D6C-4385-9459-9446A68E962A}.Release|iPhoneSimulator.ActiveCfg = Release|iPhoneSimulator
		{F4D74D2A-0D6C-4385-9459-9446A68E962A}.Release|iPhoneSimulator.Build.0 = Release|iPhoneSimulator
		{F4D74D2A-0D6C-4385-9459-9446A68E962A}.Release|x64.ActiveCfg = Release|iPhoneSimulator
		{F4D74D2A-0D6C-4385-9459-9446A68E962A}.Release|x86.ActiveCfg = Release|iPhoneSimulator
		{26FFDC54-2A9B-4164-A58E-3ED91F02C603}.Ad-Hoc|Any CPU.ActiveCfg = Debug|Any CPU
		{26FFDC54-2A9B-4164-A58E-3ED91F02C603}.Ad-Hoc|Any CPU.Build.0 = Debug|Any CPU
		{26FFDC54-2A9B-4164-A58E-3ED91F02C603}.Ad-Hoc|ARM.ActiveCfg = Debug|Any CPU
		{26FFDC54-2A9B-4164-A58E-3ED91F02C603}.Ad-Hoc|ARM.Build.0 = Debug|Any CPU
		{26FFDC54-2A9B-4164-A58E-3ED91F02C603}.Ad-Hoc|ARM64.ActiveCfg = Debug|Any CPU
		{26FFDC54-2A9B-4164-A58E-3ED91F02C603}.Ad-Hoc|ARM64.Build.0 = Debug|Any CPU
		{26FFDC54-2A9B-4164-A58E-3ED91F02C603}.Ad-Hoc|iPhone.ActiveCfg = Debug|Any CPU
		{26FFDC54-2A9B-4164-A58E-3ED91F02C603}.Ad-Hoc|iPhone.Build.0 = Debug|Any CPU
		{26FFDC54-2A9B-4164-A58E-3ED91F02C603}.Ad-Hoc|iPhoneSimulator.ActiveCfg = Debug|Any CPU
		{26FFDC54-2A9B-4164-A58E-3ED91F02C603}.Ad-Hoc|iPhoneSimulator.Build.0 = Debug|Any CPU
		{26FFDC54-2A9B-4164-A58E-3ED91F02C603}.Ad-Hoc|x64.ActiveCfg = Debug|Any CPU
		{26FFDC54-2A9B-4164-A58E-3ED91F02C603}.Ad-Hoc|x64.Build.0 = Debug|Any CPU
		{26FFDC54-2A9B-4164-A58E-3ED91F02C603}.Ad-Hoc|x86.ActiveCfg = Debug|Any CPU
		{26FFDC54-2A9B-4164-A58E-3ED91F02C603}.Ad-Hoc|x86.Build.0 = Debug|Any CPU
		{26FFDC54-2A9B-4164-A58E-3ED91F02C603}.AppStore|Any CPU.ActiveCfg = Debug|Any CPU
		{26FFDC54-2A9B-4164-A58E-3ED91F02C603}.AppStore|Any CPU.Build.0 = Debug|Any CPU
		{26FFDC54-2A9B-4164-A58E-3ED91F02C603}.AppStore|ARM.ActiveCfg = Debug|Any CPU
		{26FFDC54-2A9B-4164-A58E-3ED91F02C603}.AppStore|ARM.Build.0 = Debug|Any CPU
		{26FFDC54-2A9B-4164-A58E-3ED91F02C603}.AppStore|ARM64.ActiveCfg = Debug|Any CPU
		{26FFDC54-2A9B-4164-A58E-3ED91F02C603}.AppStore|ARM64.Build.0 = Debug|Any CPU
		{26FFDC54-2A9B-4164-A58E-3ED91F02C603}.AppStore|iPhone.ActiveCfg = Debug|Any CPU
		{26FFDC54-2A9B-4164-A58E-3ED91F02C603}.AppStore|iPhone.Build.0 = Debug|Any CPU
		{26FFDC54-2A9B-4164-A58E-3ED91F02C603}.AppStore|iPhoneSimulator.ActiveCfg = Debug|Any CPU
		{26FFDC54-2A9B-4164-A58E-3ED91F02C603}.AppStore|iPhoneSimulator.Build.0 = Debug|Any CPU
		{26FFDC54-2A9B-4164-A58E-3ED91F02C603}.AppStore|x64.ActiveCfg = Debug|Any CPU
		{26FFDC54-2A9B-4164-A58E-3ED91F02C603}.AppStore|x64.Build.0 = Debug|Any CPU
		{26FFDC54-2A9B-4164-A58E-3ED91F02C603}.AppStore|x86.ActiveCfg = Debug|Any CPU
		{26FFDC54-2A9B-4164-A58E-3ED91F02C603}.AppStore|x86.Build.0 = Debug|Any CPU
		{26FFDC54-2A9B-4164-A58E-3ED91F02C603}.Debug|Any CPU.ActiveCfg = Debug|Any CPU
		{26FFDC54-2A9B-4164-A58E-3ED91F02C603}.Debug|Any CPU.Build.0 = Debug|Any CPU
		{26FFDC54-2A9B-4164-A58E-3ED91F02C603}.Debug|ARM.ActiveCfg = Debug|Any CPU
		{26FFDC54-2A9B-4164-A58E-3ED91F02C603}.Debug|ARM.Build.0 = Debug|Any CPU
		{26FFDC54-2A9B-4164-A58E-3ED91F02C603}.Debug|ARM64.ActiveCfg = Debug|Any CPU
		{26FFDC54-2A9B-4164-A58E-3ED91F02C603}.Debug|ARM64.Build.0 = Debug|Any CPU
		{26FFDC54-2A9B-4164-A58E-3ED91F02C603}.Debug|iPhone.ActiveCfg = Debug|Any CPU
		{26FFDC54-2A9B-4164-A58E-3ED91F02C603}.Debug|iPhone.Build.0 = Debug|Any CPU
		{26FFDC54-2A9B-4164-A58E-3ED91F02C603}.Debug|iPhoneSimulator.ActiveCfg = Debug|Any CPU
		{26FFDC54-2A9B-4164-A58E-3ED91F02C603}.Debug|iPhoneSimulator.Build.0 = Debug|Any CPU
		{26FFDC54-2A9B-4164-A58E-3ED91F02C603}.Debug|x64.ActiveCfg = Debug|Any CPU
		{26FFDC54-2A9B-4164-A58E-3ED91F02C603}.Debug|x64.Build.0 = Debug|Any CPU
		{26FFDC54-2A9B-4164-A58E-3ED91F02C603}.Debug|x86.ActiveCfg = Debug|Any CPU
		{26FFDC54-2A9B-4164-A58E-3ED91F02C603}.Debug|x86.Build.0 = Debug|Any CPU
		{26FFDC54-2A9B-4164-A58E-3ED91F02C603}.Release|Any CPU.ActiveCfg = Release|Any CPU
		{26FFDC54-2A9B-4164-A58E-3ED91F02C603}.Release|Any CPU.Build.0 = Release|Any CPU
		{26FFDC54-2A9B-4164-A58E-3ED91F02C603}.Release|ARM.ActiveCfg = Release|Any CPU
		{26FFDC54-2A9B-4164-A58E-3ED91F02C603}.Release|ARM.Build.0 = Release|Any CPU
		{26FFDC54-2A9B-4164-A58E-3ED91F02C603}.Release|ARM64.ActiveCfg = Release|Any CPU
		{26FFDC54-2A9B-4164-A58E-3ED91F02C603}.Release|ARM64.Build.0 = Release|Any CPU
		{26FFDC54-2A9B-4164-A58E-3ED91F02C603}.Release|iPhone.ActiveCfg = Release|Any CPU
		{26FFDC54-2A9B-4164-A58E-3ED91F02C603}.Release|iPhone.Build.0 = Release|Any CPU
		{26FFDC54-2A9B-4164-A58E-3ED91F02C603}.Release|iPhoneSimulator.ActiveCfg = Release|Any CPU
		{26FFDC54-2A9B-4164-A58E-3ED91F02C603}.Release|iPhoneSimulator.Build.0 = Release|Any CPU
		{26FFDC54-2A9B-4164-A58E-3ED91F02C603}.Release|x64.ActiveCfg = Release|Any CPU
		{26FFDC54-2A9B-4164-A58E-3ED91F02C603}.Release|x64.Build.0 = Release|Any CPU
		{26FFDC54-2A9B-4164-A58E-3ED91F02C603}.Release|x86.ActiveCfg = Release|Any CPU
		{26FFDC54-2A9B-4164-A58E-3ED91F02C603}.Release|x86.Build.0 = Release|Any CPU
		{0FA61B10-5629-4730-B5D9-EF4DACE27E7B}.Ad-Hoc|Any CPU.ActiveCfg = Debug|Any CPU
		{0FA61B10-5629-4730-B5D9-EF4DACE27E7B}.Ad-Hoc|Any CPU.Build.0 = Debug|Any CPU
		{0FA61B10-5629-4730-B5D9-EF4DACE27E7B}.Ad-Hoc|ARM.ActiveCfg = Debug|Any CPU
		{0FA61B10-5629-4730-B5D9-EF4DACE27E7B}.Ad-Hoc|ARM.Build.0 = Debug|Any CPU
		{0FA61B10-5629-4730-B5D9-EF4DACE27E7B}.Ad-Hoc|ARM64.ActiveCfg = Debug|Any CPU
		{0FA61B10-5629-4730-B5D9-EF4DACE27E7B}.Ad-Hoc|ARM64.Build.0 = Debug|Any CPU
		{0FA61B10-5629-4730-B5D9-EF4DACE27E7B}.Ad-Hoc|iPhone.ActiveCfg = Debug|Any CPU
		{0FA61B10-5629-4730-B5D9-EF4DACE27E7B}.Ad-Hoc|iPhone.Build.0 = Debug|Any CPU
		{0FA61B10-5629-4730-B5D9-EF4DACE27E7B}.Ad-Hoc|iPhoneSimulator.ActiveCfg = Debug|Any CPU
		{0FA61B10-5629-4730-B5D9-EF4DACE27E7B}.Ad-Hoc|iPhoneSimulator.Build.0 = Debug|Any CPU
		{0FA61B10-5629-4730-B5D9-EF4DACE27E7B}.Ad-Hoc|x64.ActiveCfg = Debug|Any CPU
		{0FA61B10-5629-4730-B5D9-EF4DACE27E7B}.Ad-Hoc|x64.Build.0 = Debug|Any CPU
		{0FA61B10-5629-4730-B5D9-EF4DACE27E7B}.Ad-Hoc|x86.ActiveCfg = Debug|Any CPU
		{0FA61B10-5629-4730-B5D9-EF4DACE27E7B}.Ad-Hoc|x86.Build.0 = Debug|Any CPU
		{0FA61B10-5629-4730-B5D9-EF4DACE27E7B}.AppStore|Any CPU.ActiveCfg = Debug|Any CPU
		{0FA61B10-5629-4730-B5D9-EF4DACE27E7B}.AppStore|Any CPU.Build.0 = Debug|Any CPU
		{0FA61B10-5629-4730-B5D9-EF4DACE27E7B}.AppStore|ARM.ActiveCfg = Debug|Any CPU
		{0FA61B10-5629-4730-B5D9-EF4DACE27E7B}.AppStore|ARM.Build.0 = Debug|Any CPU
		{0FA61B10-5629-4730-B5D9-EF4DACE27E7B}.AppStore|ARM64.ActiveCfg = Debug|Any CPU
		{0FA61B10-5629-4730-B5D9-EF4DACE27E7B}.AppStore|ARM64.Build.0 = Debug|Any CPU
		{0FA61B10-5629-4730-B5D9-EF4DACE27E7B}.AppStore|iPhone.ActiveCfg = Debug|Any CPU
		{0FA61B10-5629-4730-B5D9-EF4DACE27E7B}.AppStore|iPhone.Build.0 = Debug|Any CPU
		{0FA61B10-5629-4730-B5D9-EF4DACE27E7B}.AppStore|iPhoneSimulator.ActiveCfg = Debug|Any CPU
		{0FA61B10-5629-4730-B5D9-EF4DACE27E7B}.AppStore|iPhoneSimulator.Build.0 = Debug|Any CPU
		{0FA61B10-5629-4730-B5D9-EF4DACE27E7B}.AppStore|x64.ActiveCfg = Debug|Any CPU
		{0FA61B10-5629-4730-B5D9-EF4DACE27E7B}.AppStore|x64.Build.0 = Debug|Any CPU
		{0FA61B10-5629-4730-B5D9-EF4DACE27E7B}.AppStore|x86.ActiveCfg = Debug|Any CPU
		{0FA61B10-5629-4730-B5D9-EF4DACE27E7B}.AppStore|x86.Build.0 = Debug|Any CPU
		{0FA61B10-5629-4730-B5D9-EF4DACE27E7B}.Debug|Any CPU.ActiveCfg = Debug|Any CPU
		{0FA61B10-5629-4730-B5D9-EF4DACE27E7B}.Debug|Any CPU.Build.0 = Debug|Any CPU
		{0FA61B10-5629-4730-B5D9-EF4DACE27E7B}.Debug|ARM.ActiveCfg = Debug|Any CPU
		{0FA61B10-5629-4730-B5D9-EF4DACE27E7B}.Debug|ARM.Build.0 = Debug|Any CPU
		{0FA61B10-5629-4730-B5D9-EF4DACE27E7B}.Debug|ARM64.ActiveCfg = Debug|Any CPU
		{0FA61B10-5629-4730-B5D9-EF4DACE27E7B}.Debug|ARM64.Build.0 = Debug|Any CPU
		{0FA61B10-5629-4730-B5D9-EF4DACE27E7B}.Debug|iPhone.ActiveCfg = Debug|Any CPU
		{0FA61B10-5629-4730-B5D9-EF4DACE27E7B}.Debug|iPhone.Build.0 = Debug|Any CPU
		{0FA61B10-5629-4730-B5D9-EF4DACE27E7B}.Debug|iPhoneSimulator.ActiveCfg = Debug|Any CPU
		{0FA61B10-5629-4730-B5D9-EF4DACE27E7B}.Debug|iPhoneSimulator.Build.0 = Debug|Any CPU
		{0FA61B10-5629-4730-B5D9-EF4DACE27E7B}.Debug|x64.ActiveCfg = Debug|Any CPU
		{0FA61B10-5629-4730-B5D9-EF4DACE27E7B}.Debug|x64.Build.0 = Debug|Any CPU
		{0FA61B10-5629-4730-B5D9-EF4DACE27E7B}.Debug|x86.ActiveCfg = Debug|Any CPU
		{0FA61B10-5629-4730-B5D9-EF4DACE27E7B}.Debug|x86.Build.0 = Debug|Any CPU
		{0FA61B10-5629-4730-B5D9-EF4DACE27E7B}.Release|Any CPU.ActiveCfg = Release|Any CPU
		{0FA61B10-5629-4730-B5D9-EF4DACE27E7B}.Release|Any CPU.Build.0 = Release|Any CPU
		{0FA61B10-5629-4730-B5D9-EF4DACE27E7B}.Release|ARM.ActiveCfg = Release|Any CPU
		{0FA61B10-5629-4730-B5D9-EF4DACE27E7B}.Release|ARM.Build.0 = Release|Any CPU
		{0FA61B10-5629-4730-B5D9-EF4DACE27E7B}.Release|ARM64.ActiveCfg = Release|Any CPU
		{0FA61B10-5629-4730-B5D9-EF4DACE27E7B}.Release|ARM64.Build.0 = Release|Any CPU
		{0FA61B10-5629-4730-B5D9-EF4DACE27E7B}.Release|iPhone.ActiveCfg = Release|Any CPU
		{0FA61B10-5629-4730-B5D9-EF4DACE27E7B}.Release|iPhone.Build.0 = Release|Any CPU
		{0FA61B10-5629-4730-B5D9-EF4DACE27E7B}.Release|iPhoneSimulator.ActiveCfg = Release|Any CPU
		{0FA61B10-5629-4730-B5D9-EF4DACE27E7B}.Release|iPhoneSimulator.Build.0 = Release|Any CPU
		{0FA61B10-5629-4730-B5D9-EF4DACE27E7B}.Release|x64.ActiveCfg = Release|Any CPU
		{0FA61B10-5629-4730-B5D9-EF4DACE27E7B}.Release|x64.Build.0 = Release|Any CPU
		{0FA61B10-5629-4730-B5D9-EF4DACE27E7B}.Release|x86.ActiveCfg = Release|Any CPU
		{0FA61B10-5629-4730-B5D9-EF4DACE27E7B}.Release|x86.Build.0 = Release|Any CPU
		{33E0B1D1-A931-49EE-A049-A8CD6FD6FC49}.Ad-Hoc|Any CPU.ActiveCfg = Debug|Any CPU
		{33E0B1D1-A931-49EE-A049-A8CD6FD6FC49}.Ad-Hoc|Any CPU.Build.0 = Debug|Any CPU
		{33E0B1D1-A931-49EE-A049-A8CD6FD6FC49}.Ad-Hoc|ARM.ActiveCfg = Debug|Any CPU
		{33E0B1D1-A931-49EE-A049-A8CD6FD6FC49}.Ad-Hoc|ARM.Build.0 = Debug|Any CPU
		{33E0B1D1-A931-49EE-A049-A8CD6FD6FC49}.Ad-Hoc|ARM64.ActiveCfg = Debug|Any CPU
		{33E0B1D1-A931-49EE-A049-A8CD6FD6FC49}.Ad-Hoc|ARM64.Build.0 = Debug|Any CPU
		{33E0B1D1-A931-49EE-A049-A8CD6FD6FC49}.Ad-Hoc|iPhone.ActiveCfg = Debug|Any CPU
		{33E0B1D1-A931-49EE-A049-A8CD6FD6FC49}.Ad-Hoc|iPhone.Build.0 = Debug|Any CPU
		{33E0B1D1-A931-49EE-A049-A8CD6FD6FC49}.Ad-Hoc|iPhoneSimulator.ActiveCfg = Debug|Any CPU
		{33E0B1D1-A931-49EE-A049-A8CD6FD6FC49}.Ad-Hoc|iPhoneSimulator.Build.0 = Debug|Any CPU
		{33E0B1D1-A931-49EE-A049-A8CD6FD6FC49}.Ad-Hoc|x64.ActiveCfg = Debug|Any CPU
		{33E0B1D1-A931-49EE-A049-A8CD6FD6FC49}.Ad-Hoc|x64.Build.0 = Debug|Any CPU
		{33E0B1D1-A931-49EE-A049-A8CD6FD6FC49}.Ad-Hoc|x86.ActiveCfg = Debug|Any CPU
		{33E0B1D1-A931-49EE-A049-A8CD6FD6FC49}.Ad-Hoc|x86.Build.0 = Debug|Any CPU
		{33E0B1D1-A931-49EE-A049-A8CD6FD6FC49}.AppStore|Any CPU.ActiveCfg = Debug|Any CPU
		{33E0B1D1-A931-49EE-A049-A8CD6FD6FC49}.AppStore|Any CPU.Build.0 = Debug|Any CPU
		{33E0B1D1-A931-49EE-A049-A8CD6FD6FC49}.AppStore|ARM.ActiveCfg = Debug|Any CPU
		{33E0B1D1-A931-49EE-A049-A8CD6FD6FC49}.AppStore|ARM.Build.0 = Debug|Any CPU
		{33E0B1D1-A931-49EE-A049-A8CD6FD6FC49}.AppStore|ARM64.ActiveCfg = Debug|Any CPU
		{33E0B1D1-A931-49EE-A049-A8CD6FD6FC49}.AppStore|ARM64.Build.0 = Debug|Any CPU
		{33E0B1D1-A931-49EE-A049-A8CD6FD6FC49}.AppStore|iPhone.ActiveCfg = Debug|Any CPU
		{33E0B1D1-A931-49EE-A049-A8CD6FD6FC49}.AppStore|iPhone.Build.0 = Debug|Any CPU
		{33E0B1D1-A931-49EE-A049-A8CD6FD6FC49}.AppStore|iPhoneSimulator.ActiveCfg = Debug|Any CPU
		{33E0B1D1-A931-49EE-A049-A8CD6FD6FC49}.AppStore|iPhoneSimulator.Build.0 = Debug|Any CPU
		{33E0B1D1-A931-49EE-A049-A8CD6FD6FC49}.AppStore|x64.ActiveCfg = Debug|Any CPU
		{33E0B1D1-A931-49EE-A049-A8CD6FD6FC49}.AppStore|x64.Build.0 = Debug|Any CPU
		{33E0B1D1-A931-49EE-A049-A8CD6FD6FC49}.AppStore|x86.ActiveCfg = Debug|Any CPU
		{33E0B1D1-A931-49EE-A049-A8CD6FD6FC49}.AppStore|x86.Build.0 = Debug|Any CPU
		{33E0B1D1-A931-49EE-A049-A8CD6FD6FC49}.Debug|Any CPU.ActiveCfg = Debug|Any CPU
		{33E0B1D1-A931-49EE-A049-A8CD6FD6FC49}.Debug|Any CPU.Build.0 = Debug|Any CPU
		{33E0B1D1-A931-49EE-A049-A8CD6FD6FC49}.Debug|ARM.ActiveCfg = Debug|Any CPU
		{33E0B1D1-A931-49EE-A049-A8CD6FD6FC49}.Debug|ARM.Build.0 = Debug|Any CPU
		{33E0B1D1-A931-49EE-A049-A8CD6FD6FC49}.Debug|ARM64.ActiveCfg = Debug|Any CPU
		{33E0B1D1-A931-49EE-A049-A8CD6FD6FC49}.Debug|ARM64.Build.0 = Debug|Any CPU
		{33E0B1D1-A931-49EE-A049-A8CD6FD6FC49}.Debug|iPhone.ActiveCfg = Debug|Any CPU
		{33E0B1D1-A931-49EE-A049-A8CD6FD6FC49}.Debug|iPhone.Build.0 = Debug|Any CPU
		{33E0B1D1-A931-49EE-A049-A8CD6FD6FC49}.Debug|iPhoneSimulator.ActiveCfg = Debug|Any CPU
		{33E0B1D1-A931-49EE-A049-A8CD6FD6FC49}.Debug|iPhoneSimulator.Build.0 = Debug|Any CPU
		{33E0B1D1-A931-49EE-A049-A8CD6FD6FC49}.Debug|x64.ActiveCfg = Debug|Any CPU
		{33E0B1D1-A931-49EE-A049-A8CD6FD6FC49}.Debug|x64.Build.0 = Debug|Any CPU
		{33E0B1D1-A931-49EE-A049-A8CD6FD6FC49}.Debug|x86.ActiveCfg = Debug|Any CPU
		{33E0B1D1-A931-49EE-A049-A8CD6FD6FC49}.Debug|x86.Build.0 = Debug|Any CPU
		{33E0B1D1-A931-49EE-A049-A8CD6FD6FC49}.Release|Any CPU.ActiveCfg = Release|Any CPU
		{33E0B1D1-A931-49EE-A049-A8CD6FD6FC49}.Release|Any CPU.Build.0 = Release|Any CPU
		{33E0B1D1-A931-49EE-A049-A8CD6FD6FC49}.Release|ARM.ActiveCfg = Release|Any CPU
		{33E0B1D1-A931-49EE-A049-A8CD6FD6FC49}.Release|ARM.Build.0 = Release|Any CPU
		{33E0B1D1-A931-49EE-A049-A8CD6FD6FC49}.Release|ARM64.ActiveCfg = Release|Any CPU
		{33E0B1D1-A931-49EE-A049-A8CD6FD6FC49}.Release|ARM64.Build.0 = Release|Any CPU
		{33E0B1D1-A931-49EE-A049-A8CD6FD6FC49}.Release|iPhone.ActiveCfg = Release|Any CPU
		{33E0B1D1-A931-49EE-A049-A8CD6FD6FC49}.Release|iPhone.Build.0 = Release|Any CPU
		{33E0B1D1-A931-49EE-A049-A8CD6FD6FC49}.Release|iPhoneSimulator.ActiveCfg = Release|Any CPU
		{33E0B1D1-A931-49EE-A049-A8CD6FD6FC49}.Release|iPhoneSimulator.Build.0 = Release|Any CPU
		{33E0B1D1-A931-49EE-A049-A8CD6FD6FC49}.Release|x64.ActiveCfg = Release|Any CPU
		{33E0B1D1-A931-49EE-A049-A8CD6FD6FC49}.Release|x64.Build.0 = Release|Any CPU
		{33E0B1D1-A931-49EE-A049-A8CD6FD6FC49}.Release|x86.ActiveCfg = Release|Any CPU
		{33E0B1D1-A931-49EE-A049-A8CD6FD6FC49}.Release|x86.Build.0 = Release|Any CPU
		{A61096A3-1C80-4CCD-A7CD-799E10AF80F6}.Ad-Hoc|Any CPU.ActiveCfg = Debug|Any CPU
		{A61096A3-1C80-4CCD-A7CD-799E10AF80F6}.Ad-Hoc|Any CPU.Build.0 = Debug|Any CPU
		{A61096A3-1C80-4CCD-A7CD-799E10AF80F6}.Ad-Hoc|ARM.ActiveCfg = Debug|Any CPU
		{A61096A3-1C80-4CCD-A7CD-799E10AF80F6}.Ad-Hoc|ARM.Build.0 = Debug|Any CPU
		{A61096A3-1C80-4CCD-A7CD-799E10AF80F6}.Ad-Hoc|ARM64.ActiveCfg = Debug|Any CPU
		{A61096A3-1C80-4CCD-A7CD-799E10AF80F6}.Ad-Hoc|ARM64.Build.0 = Debug|Any CPU
		{A61096A3-1C80-4CCD-A7CD-799E10AF80F6}.Ad-Hoc|iPhone.ActiveCfg = Debug|Any CPU
		{A61096A3-1C80-4CCD-A7CD-799E10AF80F6}.Ad-Hoc|iPhone.Build.0 = Debug|Any CPU
		{A61096A3-1C80-4CCD-A7CD-799E10AF80F6}.Ad-Hoc|iPhoneSimulator.ActiveCfg = Debug|Any CPU
		{A61096A3-1C80-4CCD-A7CD-799E10AF80F6}.Ad-Hoc|iPhoneSimulator.Build.0 = Debug|Any CPU
		{A61096A3-1C80-4CCD-A7CD-799E10AF80F6}.Ad-Hoc|x64.ActiveCfg = Debug|Any CPU
		{A61096A3-1C80-4CCD-A7CD-799E10AF80F6}.Ad-Hoc|x64.Build.0 = Debug|Any CPU
		{A61096A3-1C80-4CCD-A7CD-799E10AF80F6}.Ad-Hoc|x86.ActiveCfg = Debug|Any CPU
		{A61096A3-1C80-4CCD-A7CD-799E10AF80F6}.Ad-Hoc|x86.Build.0 = Debug|Any CPU
		{A61096A3-1C80-4CCD-A7CD-799E10AF80F6}.AppStore|Any CPU.ActiveCfg = Debug|Any CPU
		{A61096A3-1C80-4CCD-A7CD-799E10AF80F6}.AppStore|Any CPU.Build.0 = Debug|Any CPU
		{A61096A3-1C80-4CCD-A7CD-799E10AF80F6}.AppStore|ARM.ActiveCfg = Debug|Any CPU
		{A61096A3-1C80-4CCD-A7CD-799E10AF80F6}.AppStore|ARM.Build.0 = Debug|Any CPU
		{A61096A3-1C80-4CCD-A7CD-799E10AF80F6}.AppStore|ARM64.ActiveCfg = Debug|Any CPU
		{A61096A3-1C80-4CCD-A7CD-799E10AF80F6}.AppStore|ARM64.Build.0 = Debug|Any CPU
		{A61096A3-1C80-4CCD-A7CD-799E10AF80F6}.AppStore|iPhone.ActiveCfg = Debug|Any CPU
		{A61096A3-1C80-4CCD-A7CD-799E10AF80F6}.AppStore|iPhone.Build.0 = Debug|Any CPU
		{A61096A3-1C80-4CCD-A7CD-799E10AF80F6}.AppStore|iPhoneSimulator.ActiveCfg = Debug|Any CPU
		{A61096A3-1C80-4CCD-A7CD-799E10AF80F6}.AppStore|iPhoneSimulator.Build.0 = Debug|Any CPU
		{A61096A3-1C80-4CCD-A7CD-799E10AF80F6}.AppStore|x64.ActiveCfg = Debug|Any CPU
		{A61096A3-1C80-4CCD-A7CD-799E10AF80F6}.AppStore|x64.Build.0 = Debug|Any CPU
		{A61096A3-1C80-4CCD-A7CD-799E10AF80F6}.AppStore|x86.ActiveCfg = Debug|Any CPU
		{A61096A3-1C80-4CCD-A7CD-799E10AF80F6}.AppStore|x86.Build.0 = Debug|Any CPU
		{A61096A3-1C80-4CCD-A7CD-799E10AF80F6}.Debug|Any CPU.ActiveCfg = Debug|Any CPU
		{A61096A3-1C80-4CCD-A7CD-799E10AF80F6}.Debug|Any CPU.Build.0 = Debug|Any CPU
		{A61096A3-1C80-4CCD-A7CD-799E10AF80F6}.Debug|ARM.ActiveCfg = Debug|Any CPU
		{A61096A3-1C80-4CCD-A7CD-799E10AF80F6}.Debug|ARM.Build.0 = Debug|Any CPU
		{A61096A3-1C80-4CCD-A7CD-799E10AF80F6}.Debug|ARM64.ActiveCfg = Debug|Any CPU
		{A61096A3-1C80-4CCD-A7CD-799E10AF80F6}.Debug|ARM64.Build.0 = Debug|Any CPU
		{A61096A3-1C80-4CCD-A7CD-799E10AF80F6}.Debug|iPhone.ActiveCfg = Debug|Any CPU
		{A61096A3-1C80-4CCD-A7CD-799E10AF80F6}.Debug|iPhone.Build.0 = Debug|Any CPU
		{A61096A3-1C80-4CCD-A7CD-799E10AF80F6}.Debug|iPhoneSimulator.ActiveCfg = Debug|Any CPU
		{A61096A3-1C80-4CCD-A7CD-799E10AF80F6}.Debug|iPhoneSimulator.Build.0 = Debug|Any CPU
		{A61096A3-1C80-4CCD-A7CD-799E10AF80F6}.Debug|x64.ActiveCfg = Debug|Any CPU
		{A61096A3-1C80-4CCD-A7CD-799E10AF80F6}.Debug|x64.Build.0 = Debug|Any CPU
		{A61096A3-1C80-4CCD-A7CD-799E10AF80F6}.Debug|x86.ActiveCfg = Debug|Any CPU
		{A61096A3-1C80-4CCD-A7CD-799E10AF80F6}.Debug|x86.Build.0 = Debug|Any CPU
		{A61096A3-1C80-4CCD-A7CD-799E10AF80F6}.Release|Any CPU.ActiveCfg = Release|Any CPU
		{A61096A3-1C80-4CCD-A7CD-799E10AF80F6}.Release|Any CPU.Build.0 = Release|Any CPU
		{A61096A3-1C80-4CCD-A7CD-799E10AF80F6}.Release|ARM.ActiveCfg = Release|Any CPU
		{A61096A3-1C80-4CCD-A7CD-799E10AF80F6}.Release|ARM.Build.0 = Release|Any CPU
		{A61096A3-1C80-4CCD-A7CD-799E10AF80F6}.Release|ARM64.ActiveCfg = Release|Any CPU
		{A61096A3-1C80-4CCD-A7CD-799E10AF80F6}.Release|ARM64.Build.0 = Release|Any CPU
		{A61096A3-1C80-4CCD-A7CD-799E10AF80F6}.Release|iPhone.ActiveCfg = Release|Any CPU
		{A61096A3-1C80-4CCD-A7CD-799E10AF80F6}.Release|iPhone.Build.0 = Release|Any CPU
		{A61096A3-1C80-4CCD-A7CD-799E10AF80F6}.Release|iPhoneSimulator.ActiveCfg = Release|Any CPU
		{A61096A3-1C80-4CCD-A7CD-799E10AF80F6}.Release|iPhoneSimulator.Build.0 = Release|Any CPU
		{A61096A3-1C80-4CCD-A7CD-799E10AF80F6}.Release|x64.ActiveCfg = Release|Any CPU
		{A61096A3-1C80-4CCD-A7CD-799E10AF80F6}.Release|x64.Build.0 = Release|Any CPU
		{A61096A3-1C80-4CCD-A7CD-799E10AF80F6}.Release|x86.ActiveCfg = Release|Any CPU
		{A61096A3-1C80-4CCD-A7CD-799E10AF80F6}.Release|x86.Build.0 = Release|Any CPU
	EndGlobalSection
	GlobalSection(SolutionProperties) = preSolution
		HideSolutionNode = FALSE
	EndGlobalSection
	GlobalSection(NestedProjects) = preSolution
		{9A74CCA5-2E9E-44D7-847C-6455E57E69E1} = {82B44577-2626-441F-B420-C29F28A2341B}
		{D44ABAC8-E5E7-4CEF-9AA4-0AD66C06F6C9} = {82B44577-2626-441F-B420-C29F28A2341B}
		{E2269202-9722-4B29-9D16-37E2F0401693} = {82B44577-2626-441F-B420-C29F28A2341B}
		{FBB8E964-6297-4037-A40F-00D5F08D7933} = {82B44577-2626-441F-B420-C29F28A2341B}
		{F4D74D2A-0D6C-4385-9459-9446A68E962A} = {82B44577-2626-441F-B420-C29F28A2341B}
		{26FFDC54-2A9B-4164-A58E-3ED91F02C603} = {82B44577-2626-441F-B420-C29F28A2341B}
		{0FA61B10-5629-4730-B5D9-EF4DACE27E7B} = {82B44577-2626-441F-B420-C29F28A2341B}
		{33E0B1D1-A931-49EE-A049-A8CD6FD6FC49} = {82B44577-2626-441F-B420-C29F28A2341B}
		{A61096A3-1C80-4CCD-A7CD-799E10AF80F6} = {82B44577-2626-441F-B420-C29F28A2341B}
	EndGlobalSection
	GlobalSection(ExtensibilityGlobals) = postSolution
		SolutionGuid = {26D29E22-7B8A-4D6F-A844-F8B0F3FF846C}
	EndGlobalSection
EndGlobal
